{
  "name": "samplehttpapp",
  "version": "1.0.0",
  "lockfileVersion": 1,
  "requires": true,
  "dependencies": {
    "async": {
      "version": "0.2.10",
      "resolved": "http://registry.npmjs.org/async/-/async-0.2.10.tgz",
      "integrity": "sha1-trvgsGdLnXGXCMo43owjfLUmw9E="
    },
    "moment": {
      "version": "2.0.0",
      "resolved": "http://registry.npmjs.org/moment/-/moment-2.0.0.tgz",
      "integrity": "sha1-K7xbRMMhg3aTq278rb1G7ZRiEf4="
    },
    "numeral": {
      "version": "1.4.8",
      "resolved": "http://registry.npmjs.org/numeral/-/numeral-1.4.8.tgz",
      "integrity": "sha1-M1XhdQafeychV0EmeJkW0C280x0="
    },
    "stringbuilder": {
      "version": "0.0.11",
      "resolved": "https://registry.npmjs.org/stringbuilder/-/stringbuilder-0.0.11.tgz",
      "integrity": "sha1-dH903n1kuSni51u4Wpjua8O+Ow4=",
      "requires": {
        "async": "~0.2.7",
        "moment": "~2.0.0",
        "numeral": "~1.4.8",
        "xregexp": "~2.0.0"
      }
    },
    "xregexp": {
      "version": "2.0.0",
      "resolved": "https://registry.npmjs.org/xregexp/-/xregexp-2.0.0.tgz",
      "integrity": "sha1-UqY+VsoLhKfzpfPWGHLxJq16WUM="
    }
  }
}
